{
  "projects": [
    {
      "projectId": "aGwaDyFceaTJ7MmVgLqAKM",
      "version": "latest",
      "dependencies": {},
      "lang": "ts",
      "fileLocks": [
        {
          "assetId": "aGwaDyFceaTJ7MmVgLqAKM",
          "type": "projectCss",
          "checksum": "923e6cdf555e78d3e491d87847bf3025"
        },
        {
          "type": "renderModule",
          "assetId": "D_09Wb5wA9",
          "checksum": "3325d083da5883ecb1ad3d9a9cc04b4b"
        },
        {
          "type": "cssRules",
          "assetId": "D_09Wb5wA9",
          "checksum": "3325d083da5883ecb1ad3d9a9cc04b4b"
        },
        {
          "type": "renderModule",
          "assetId": "Hrt-8c55kCA",
          "checksum": "34f51363bf10ddd2b78aca6ca189604d"
        },
        {
          "type": "cssRules",
          "assetId": "Hrt-8c55kCA",
          "checksum": "34f51363bf10ddd2b78aca6ca189604d"
        },
        {
          "type": "renderModule",
          "assetId": "72kuX7z4jE2",
          "checksum": "9a6c2d7ec6ebce81953320a0fec14a7b"
        },
        {
          "type": "cssRules",
          "assetId": "72kuX7z4jE2",
          "checksum": "9a6c2d7ec6ebce81953320a0fec14a7b"
        },
        {
          "type": "renderModule",
          "assetId": "v-yXxSNs9o0",
          "checksum": "d79f3c1fbdf5732c484d1026734016f1"
        },
        {
          "type": "cssRules",
          "assetId": "v-yXxSNs9o0",
          "checksum": "d79f3c1fbdf5732c484d1026734016f1"
        },
        {
          "type": "renderModule",
          "assetId": "dZQFlEuvgPR",
          "checksum": "e943a03aa58a1633f5af5abb09afa477"
        },
        {
          "type": "cssRules",
          "assetId": "dZQFlEuvgPR",
          "checksum": "e943a03aa58a1633f5af5abb09afa477"
        },
        {
          "type": "renderModule",
          "assetId": "pLxSxf-V2wL",
          "checksum": "17e484e801b23c887b131814c4a67319"
        },
        {
          "type": "cssRules",
          "assetId": "pLxSxf-V2wL",
          "checksum": "17e484e801b23c887b131814c4a67319"
        },
        {
          "type": "renderModule",
          "assetId": "uzKLlm8w4gA",
          "checksum": "5e2c7d822be61bd46b3de6baa014d43d"
        },
        {
          "type": "cssRules",
          "assetId": "uzKLlm8w4gA",
          "checksum": "5e2c7d822be61bd46b3de6baa014d43d"
        },
        {
          "type": "renderModule",
          "assetId": "Abg9jpf0kADO",
          "checksum": "11771f9fbd55a291fe421c2ef579da63"
        },
        {
          "type": "cssRules",
          "assetId": "Abg9jpf0kADO",
          "checksum": "11771f9fbd55a291fe421c2ef579da63"
        },
        {
          "type": "renderModule",
          "assetId": "P9Q8vZKxVZl4",
          "checksum": "ee7a57cb47b43958076a251db612da98"
        },
        {
          "type": "cssRules",
          "assetId": "P9Q8vZKxVZl4",
          "checksum": "ee7a57cb47b43958076a251db612da98"
        },
        {
          "type": "renderModule",
          "assetId": "VWLTdNIQLBao",
          "checksum": "bf0747cc63983ee1f979a754afc89aa6"
        },
        {
          "type": "cssRules",
          "assetId": "VWLTdNIQLBao",
          "checksum": "bf0747cc63983ee1f979a754afc89aa6"
        },
        {
          "type": "renderModule",
          "assetId": "VKWOfitnL5VD",
          "checksum": "e370b6b1fb504140a66a52fe66a2dd33"
        },
        {
          "type": "cssRules",
          "assetId": "VKWOfitnL5VD",
          "checksum": "e370b6b1fb504140a66a52fe66a2dd33"
        },
        {
          "type": "renderModule",
          "assetId": "quBP86QIw0hg",
          "checksum": "ce32226b0cab1946d210462fd8ba8f45"
        },
        {
          "type": "cssRules",
          "assetId": "quBP86QIw0hg",
          "checksum": "ce32226b0cab1946d210462fd8ba8f45"
        },
        {
          "type": "icon",
          "assetId": "aNRtnlYy42Id",
          "checksum": "1ac7611217a0e6c4927e763578c5078b"
        },
        {
          "type": "icon",
          "assetId": "KiiEUAU0_PJ_",
          "checksum": "5158a33ac32ecbe965ccbc2f53b22b2c"
        },
        {
          "type": "icon",
          "assetId": "ikNXI5MzGP8E",
          "checksum": "da615691d1b703bd1836c4fdd3c19726"
        },
        {
          "type": "icon",
          "assetId": "ZsbkirgRD0ll",
          "checksum": "dbf50f3940f9b19171b47b1057ed47fe"
        },
        {
          "type": "icon",
          "assetId": "-NPp1PMkI3Mu",
          "checksum": "b404b2203168252bb7d321a4f4557c20"
        },
        {
          "type": "icon",
          "assetId": "6s1jELwioiIP",
          "checksum": "8c4229658652748fe23c2214b48b9d58"
        },
        {
          "type": "icon",
          "assetId": "z0nK1hBoU9-T",
          "checksum": "59f627c578a0dd2b736ed12e4d0b5959"
        },
        {
          "type": "icon",
          "assetId": "RfsqmqGRFWpt",
          "checksum": "b65c878745aefcd03e9d33bf988befb9"
        },
        {
          "type": "image",
          "assetId": "p8mOmFlLn3Oz",
          "checksum": "a8c96315b6c88238c595e5550894a0d0"
        },
        {
          "type": "image",
          "assetId": "KIRidvlNnaog",
          "checksum": "211a739c88b4526dd7b7b66519a46816"
        },
        {
          "type": "image",
          "assetId": "f4lrRIkPUO8a",
          "checksum": "58c72aef4f3503bd1b5dcc25c5a88f40"
        }
      ],
      "codegenVersion": "0.0.1"
    }
  ],
  "cliVersion": "0.1.170"
}
